version = 1
revision = 3
requires-python = ">=3.14"

[[package]]
name = "attrs"
version = "25.4.0"
source = { registry = "https://pypi.org/simple" }
sdist = { url = "https://files.pythonhosted.org/packages/6b/5c/685e6633917e101e5dcb62b9dd76946cbb57c26e133bae9e0cd36033c0a9/attrs-25.4.0.tar.gz", hash = "sha256:16d5969b87f0859ef33a48b35d55ac1be6e42ae49d5e853b597db70c35c57e11", size = 934251, upload-time = "2025-10-06T13:54:44.725Z" }
wheels = [
    { url = "https://files.pythonhosted.org/packages/3a/2a/7cc015f5b9f5db42b7d48157e23356022889fc354a2813c15934b7cb5c0e/attrs-25.4.0-py3-none-any.whl", hash = "sha256:adcf7e2a1fb3b36ac48d97835bb6d8ade15b8dcce26aba8bf1d14847b57a3373", size = 67615, upload-time = "2025-10-06T13:54:43.17Z" },
]

[[package]]
name = "aws-cryptographic-material-providers"
version = "1.11.1"
source = { registry = "https://pypi.org/simple" }
dependencies = [
    { name = "aws-cryptography-internal-dynamodb" },
    { name = "aws-cryptography-internal-kms" },
    { name = "aws-cryptography-internal-primitives" },
    { name = "aws-cryptography-internal-standard-library" },
]
sdist = { url = "https://files.pythonhosted.org/packages/e0/26/9dd2c8da45c603944623024227dd093a511ef95201adf2e5a3c9dea7ee23/aws_cryptographic_material_providers-1.11.1.tar.gz", hash = "sha256:a50d7185a2e3542d53cc8b6c39dd7db4f2d1ee608b3b82dc83ee9485877d42bc", size = 514255, upload-time = "2025-07-30T19:15:29.974Z" }
wheels = [
    { url = "https://files.pythonhosted.org/packages/e8/b9/7bf314b4f833f6beb1363d4960c12fd98efaf2f873f25506ce492d3c973c/aws_cryptographic_material_providers-1.11.1-py3-none-any.whl", hash = "sha256:1a7e5c8f02d024e0f2c67129c4e398debacaf8b9c333c038c66b0055f407da04", size = 885277, upload-time = "2025-07-30T19:15:28.394Z" },
]

[[package]]
name = "aws-cryptography-internal-dynamodb"
version = "1.11.1"
source = { registry = "https://pypi.org/simple" }
dependencies = [
    { name = "aws-cryptography-internal-standard-library" },
    { name = "boto3" },
]
sdist = { url = "https://files.pythonhosted.org/packages/b6/34/059c49967591043cba844e58eae24768016f136fe8683dc47047bce301af/aws_cryptography_internal_dynamodb-1.11.1.tar.gz", hash = "sha256:50c5b0fc6b8a4eba15d0c2a48bb42240c8b22ecc9114cc9d5add8aa87c10a779", size = 170351, upload-time = "2025-07-30T18:54:36.766Z" }
wheels = [
    { url = "https://files.pythonhosted.org/packages/1c/d3/0440d5806dae76f4143d956a2676d0afb912894a64e412b7b7a3eda74f6f/aws_cryptography_internal_dynamodb-1.11.1-py3-none-any.whl", hash = "sha256:3767dc92eeeca830e4309a3a84025b1d8ece5a006c85fc402862bdcaeef8c32c", size = 277285, upload-time = "2025-07-30T18:54:35.722Z" },
]

[[package]]
name = "aws-cryptography-internal-kms"
version = "1.11.1"
source = { registry = "https://pypi.org/simple" }
dependencies = [
    { name = "aws-cryptography-internal-standard-library" },
    { name = "boto3" },
]
sdist = { url = "https://files.pythonhosted.org/packages/b7/75/8920774ff5d3daa2f5acac5c542918815355abcec39382e0afe56c67a5b5/aws_cryptography_internal_kms-1.11.1.tar.gz", hash = "sha256:4d62580d39637789a90ec280a5dd19718e413b676f4cd14ffe3f76c1248d066e", size = 125013, upload-time = "2025-07-30T18:47:13.378Z" }
wheels = [
    { url = "https://files.pythonhosted.org/packages/41/0a/ce331a6d8672aca3c325e8ca308073826f1315f16888fb2fc8b6a0253646/aws_cryptography_internal_kms-1.11.1-py3-none-any.whl", hash = "sha256:c8248a171f5958380230b40a7238429ecdd45b2fcb831534b90aeee457cb6a46", size = 230605, upload-time = "2025-07-30T18:47:12.01Z" },
]

[[package]]
name = "aws-cryptography-internal-primitives"
version = "1.11.1"
source = { registry = "https://pypi.org/simple" }
dependencies = [
    { name = "aws-cryptography-internal-standard-library" },
    { name = "cryptography" },
]
sdist = { url = "https://files.pythonhosted.org/packages/94/52/5ec4b13f410eba9e049a12d6741c5b3e90208f19d3ee3566834fc4b046b6/aws_cryptography_internal_primitives-1.11.1.tar.gz", hash = "sha256:ef4fcf758c82f40172fc92fd012cc01f51f4538644ea4eb3ecf81f045f293191", size = 145242, upload-time = "2025-07-30T19:05:08.467Z" }
wheels = [
    { url = "https://files.pythonhosted.org/packages/c0/3d/f80676a9282c394d5a141aa7702b92754c0861f0359ed537c204f4f0bded/aws_cryptography_internal_primitives-1.11.1-py3-none-any.whl", hash = "sha256:871283d41b816721a57e264e46c65ac5f8d6a6c32065d050b572d3d9ef678049", size = 289096, upload-time = "2025-07-30T19:05:06.966Z" },
]

[[package]]
name = "aws-cryptography-internal-standard-library"
version = "1.11.1"
source = { registry = "https://pypi.org/simple" }
dependencies = [
    { name = "dafnyruntimepython" },
    { name = "pytz" },
]
sdist = { url = "https://files.pythonhosted.org/packages/7d/c4/2668e697f138ac04538be94a0d9d667b9e374672bdf1515f0d330147b493/aws_cryptography_internal_standard_library-1.11.1.tar.gz", hash = "sha256:e75fe151cad18ad9b80e3b33c43ace7880c02b7684bb61480cc838be90923e70", size = 106760, upload-time = "2025-07-30T18:30:14.544Z" }
wheels = [
    { url = "https://files.pythonhosted.org/packages/ee/5e/d5e84f9cdd85d55aa3647330fbf731d400ab67447422f379e29ae1c4c5e3/aws_cryptography_internal_standard_library-1.11.1-py3-none-any.whl", hash = "sha256:a13204830035736eb1c88b99feea2499fecc2aefb89307dffee41feeb44538d0", size = 212201, upload-time = "2025-07-30T18:30:13.464Z" },
]

[[package]]
name = "aws-encryption-sdk"
version = "4.0.3"
source = { registry = "https://pypi.org/simple" }
dependencies = [
    { name = "attrs" },
    { name = "boto3" },
    { name = "cryptography" },
    { name = "wrapt" },
]
sdist = { url = "https://files.pythonhosted.org/packages/cf/70/fa651eeb1e0e5b3a0d84c291dba2aef9e7c55bd613a54c103005b9ec1634/aws_encryption_sdk-4.0.3.tar.gz", hash = "sha256:f715ad55bec6bd215563cd5bb103b39fa59c504cbf90a024094c36ce0ec9de1c", size = 260396, upload-time = "2025-09-03T19:51:24.766Z" }
wheels = [
    { url = "https://files.pythonhosted.org/packages/15/22/f0f90eb4de2043803bc6c414833b730657643f62672a89f6619faa483064/aws_encryption_sdk-4.0.3-py2.py3-none-any.whl", hash = "sha256:2f56993bdc5963c656e5b417ed62d1da46ee7a3c438c3ea5dfca89f3f7a86e4b", size = 99131, upload-time = "2025-09-03T19:51:23.337Z" },
]

[package.optional-dependencies]
mpl = [
    { name = "aws-cryptographic-material-providers" },
]

[[package]]
name = "awscrt"
version = "0.29.2"
source = { registry = "https://pypi.org/simple" }
sdist = { url = "https://files.pythonhosted.org/packages/1c/90/f985002a50859ea39841e66bc816c224b623c03f943b34bfe08fee17165c/awscrt-0.29.2.tar.gz", hash = "sha256:c78d81b1308d42fda1eb21d27fcf26579137b821043e528550f2cfc6c09ab9ff", size = 38013553, upload-time = "2025-12-04T00:16:36.777Z" }
wheels = [
    { url = "https://files.pythonhosted.org/packages/c8/7f/9d7b3d3f72369f80730ee5a0e964a1cd6ccf83d8c117a4d1df629e3ed6f9/awscrt-0.29.2-cp311-abi3-macosx_10_15_universal2.whl", hash = "sha256:3ff819a542acc5f11c46223204362c6b065031df0e4a37bf1ce2fc233a7145e4", size = 3407922, upload-time = "2025-12-04T00:15:49.071Z" },
    { url = "https://files.pythonhosted.org/packages/17/f2/3e61a4683ff8e9bc59871214e833bf3f67e9f08b1884aae9e1166ef06ac3/awscrt-0.29.2-cp311-abi3-manylinux2014_aarch64.manylinux_2_17_aarch64.whl", hash = "sha256:aa3d2f7fc0218a04707384afd871a8c3e97251185038eb921ae2fae4f61b7d90", size = 3817179, upload-time = "2025-12-04T00:15:50.965Z" },
    { url = "https://files.pythonhosted.org/packages/3b/13/a7366b0465b998b1d05f8b3a05e5897a431ec101b9a389be6058fbbe5e26/awscrt-0.29.2-cp311-abi3-manylinux2014_x86_64.manylinux_2_17_x86_64.whl", hash = "sha256:4f86d5a1a3c6d817dc0087d4e25abae1a7a1dd678d31fbcd226a15515719bdac", size = 4091388, upload-time = "2025-12-04T00:15:52.182Z" },
    { url = "https://files.pythonhosted.org/packages/dd/90/a34b1b29612d91baad1273ea1d4e31ab3a90e2db4e516345329fecfbaeb2/awscrt-0.29.2-cp311-abi3-musllinux_1_1_aarch64.whl", hash = "sha256:a6451a730c961b73b57dccdcf8599bf8058740053b531d3724efbf3a89e2d191", size = 3719628, upload-time = "2025-12-04T00:15:53.356Z" },
    { url = "https://files.pythonhosted.org/packages/dd/94/2d93803e93cff7da0f5c9b6422b9f919d86db83640cdfbae569bdf22e606/awscrt-0.29.2-cp311-abi3-musllinux_1_1_x86_64.whl", hash = "sha256:66a82b0960d281e14e7bfb95e9d6934cbc8e949b3f3e829709736b14bf0e6760", size = 3945694, upload-time = "2025-12-04T00:15:54.879Z" },
    { url = "https://files.pythonhosted.org/packages/ec/26/e2517fe8eb2f565ba52274a59f301bc6fac25494e0d28b6257fde237190a/awscrt-0.29.2-cp311-abi3-win32.whl", hash = "sha256:c1c243a7d7b9ed9c1e10acfb44eaab81b88eec24b50915ce3db45a8ffa4f2edb", size = 3959540, upload-time = "2025-12-04T00:15:57.138Z" },
    { url = "https://files.pythonhosted.org/packages/9a/49/bc9f3bcf2d49c58b97dd357f617c8331c1be02e5907316eb0ac39096941d/awscrt-0.29.2-cp311-abi3-win_amd64.whl", hash = "sha256:cd7349596f8f7b05805e047d29bfceb2304f5f0277fe0088e13ea8fe41ac3064", size = 4092749, upload-time = "2025-12-04T00:15:58.414Z" },
    { url = "https://files.pythonhosted.org/packages/1f/41/a564e4537c8e56259d9a9a86239d6b89448a742a5a5769b8cb81e2db7b26/awscrt-0.29.2-cp313-abi3-macosx_10_15_universal2.whl", hash = "sha256:2377b9adf0db47fcf74ad6c89afcd901f6cf97f24ba4f0e5e352f5ffe12affef", size = 3406616, upload-time = "2025-12-04T00:15:59.966Z" },
    { url = "https://files.pythonhosted.org/packages/9e/f2/4f88475ea7a9e4954871ebe188bfc9b5d29a60e1101e50a984afde904c3b/awscrt-0.29.2-cp313-abi3-manylinux2014_aarch64.manylinux_2_17_aarch64.whl", hash = "sha256:e0cb67ce813577679dab7ab56cc8bb16a546328589db87a55f7b52314f54504f", size = 3809168, upload-time = "2025-12-04T00:16:01.288Z" },
    { url = "https://files.pythonhosted.org/packages/22/6f/f08b3b646198d9a5fb45bc411e6a102ec976efc4acc34c01ac86cf557216/awscrt-0.29.2-cp313-abi3-manylinux2014_x86_64.manylinux_2_17_x86_64.whl", hash = "sha256:cb7d44ed31baeb1b5720674a0249f48d8d6e548ea544ddfb93000b6bff559f34", size = 4084414, upload-time = "2025-12-04T00:16:03.504Z" },
    { url = "https://files.pythonhosted.org/packages/3e/40/fd45b53bfc5486a31080a767947396f717534dde0ace1c9ee48b96c079b9/awscrt-0.29.2-cp313-abi3-musllinux_1_1_aarch64.whl", hash = "sha256:e455776fd0a04929c586a66e590c6eb6f2ca08b96ec13323bfb087ee17fd6e99", size = 3710752, upload-time = "2025-12-04T00:16:04.777Z" },
    { url = "https://files.pythonhosted.org/packages/53/25/179278c03b84e09332ef4a7770878b93b43f10564b6a94a82faa8d9329e6/awscrt-0.29.2-cp313-abi3-musllinux_1_1_x86_64.whl", hash = "sha256:70fd197fe83b78c25c2c57293466808df6f63287a480984834b4af7b9d18d4c0", size = 3939687, upload-time = "2025-12-04T00:16:06.342Z" },
    { url = "https://files.pythonhosted.org/packages/4f/5c/8330d3f8f5f080a85dc79c376c7125f24579dfb9c4e200224292062a36bb/awscrt-0.29.2-cp313-abi3-win32.whl", hash = "sha256:b3c46e4808ce7cfb6a63878e45b30b3410f5c314e352396d1210380787cafee2", size = 3954574, upload-time = "2025-12-04T00:16:07.539Z" },
    { url = "https://files.pythonhosted.org/packages/e8/8f/630f3083d07a75e258aae67c0d06c7ed69098d4ca85550e9cd344d3f613d/awscrt-0.29.2-cp313-abi3-win_amd64.whl", hash = "sha256:74f8944e04bfc1508cce784b75927b4fb9895ff6a57310abb523c4b446b4f34f", size = 4085860, upload-time = "2025-12-04T00:16:08.752Z" },
]

[[package]]
name = "boto3"
version = "1.42.44"
source = { registry = "https://pypi.org/simple" }
dependencies = [
    { name = "botocore" },
    { name = "jmespath" },
    { name = "s3transfer" },
]
sdist = { url = "https://files.pythonhosted.org/packages/1d/88/de5c2a0ce069973345f9fac81200de5b58f503e231dbd566357a5b8c9109/boto3-1.42.44.tar.gz", hash = "sha256:d5601ea520d30674c1d15791a1f98b5c055e973c775e1d9952ccc09ee5913c4e", size = 112865, upload-time = "2026-02-06T20:28:05.647Z" }
wheels = [
    { url = "https://files.pythonhosted.org/packages/40/fb/0341da1482f7fa256d257cfba89383f6692570b741598d4e26d879b26c57/boto3-1.42.44-py3-none-any.whl", hash = "sha256:32e995b0d56e19422cff22f586f698e8924c792eb00943de9c517ff4607e4e18", size = 140604, upload-time = "2026-02-06T20:28:03.598Z" },
]

[package.optional-dependencies]
crt = [
    { name = "botocore", extra = ["crt"] },
]

[[package]]
name = "botocore"
version = "1.42.44"
source = { registry = "https://pypi.org/simple" }
dependencies = [
    { name = "jmespath" },
    { name = "python-dateutil" },
    { name = "urllib3" },
]
sdist = { url = "https://files.pythonhosted.org/packages/29/ff/54cef2c5ff4e1c77fabc0ed68781e48eb36f33433f82bba3605e9c0e45ce/botocore-1.42.44.tar.gz", hash = "sha256:47ba27360f2afd2c2721545d8909217f7be05fdee16dd8fc0b09589535a0701c", size = 14936071, upload-time = "2026-02-06T20:27:53.654Z" }
wheels = [
    { url = "https://files.pythonhosted.org/packages/6a/9e/b45c54abfbb902ff174444a48558f97f9917143bc2e996729220f2631db1/botocore-1.42.44-py3-none-any.whl", hash = "sha256:ba406b9243a20591ee87d53abdb883d46416705cebccb639a7f1c923f9dd82df", size = 14611152, upload-time = "2026-02-06T20:27:49.565Z" },
]

[package.optional-dependencies]
crt = [
    { name = "awscrt" },
]

[[package]]
name = "cffi"
version = "2.0.0"
source = { registry = "https://pypi.org/simple" }
dependencies = [
    { name = "pycparser", marker = "implementation_name != 'PyPy'" },
]
sdist = { url = "https://files.pythonhosted.org/packages/eb/56/b1ba7935a17738ae8453301356628e8147c79dbb825bcbc73dc7401f9846/cffi-2.0.0.tar.gz", hash = "sha256:44d1b5909021139fe36001ae048dbdde8214afa20200eda0f64c068cac5d5529", size = 523588, upload-time = "2025-09-08T23:24:04.541Z" }
wheels = [
    { url = "https://files.pythonhosted.org/packages/92/c4/3ce07396253a83250ee98564f8d7e9789fab8e58858f35d07a9a2c78de9f/cffi-2.0.0-cp314-cp314-macosx_10_13_x86_64.whl", hash = "sha256:fc33c5141b55ed366cfaad382df24fe7dcbc686de5be719b207bb248e3053dc5", size = 185320, upload-time = "2025-09-08T23:23:18.087Z" },
    { url = "https://files.pythonhosted.org/packages/59/dd/27e9fa567a23931c838c6b02d0764611c62290062a6d4e8ff7863daf9730/cffi-2.0.0-cp314-cp314-macosx_11_0_arm64.whl", hash = "sha256:c654de545946e0db659b3400168c9ad31b5d29593291482c43e3564effbcee13", size = 181487, upload-time = "2025-09-08T23:23:19.622Z" },
    { url = "https://files.pythonhosted.org/packages/d6/43/0e822876f87ea8a4ef95442c3d766a06a51fc5298823f884ef87aaad168c/cffi-2.0.0-cp314-cp314-manylinux2014_aarch64.manylinux_2_17_aarch64.whl", hash = "sha256:24b6f81f1983e6df8db3adc38562c83f7d4a0c36162885ec7f7b77c7dcbec97b", size = 220049, upload-time = "2025-09-08T23:23:20.853Z" },
    { url = "https://files.pythonhosted.org/packages/b4/89/76799151d9c2d2d1ead63c2429da9ea9d7aac304603de0c6e8764e6e8e70/cffi-2.0.0-cp314-cp314-manylinux2014_ppc64le.manylinux_2_17_ppc64le.whl", hash = "sha256:12873ca6cb9b0f0d3a0da705d6086fe911591737a59f28b7936bdfed27c0d47c", size = 207793, upload-time = "2025-09-08T23:23:22.08Z" },
    { url = "https://files.pythonhosted.org/packages/bb/dd/3465b14bb9e24ee24cb88c9e3730f6de63111fffe513492bf8c808a3547e/cffi-2.0.0-cp314-cp314-manylinux2014_s390x.manylinux_2_17_s390x.whl", hash = "sha256:d9b97165e8aed9272a6bb17c01e3cc5871a594a446ebedc996e2397a1c1ea8ef", size = 206300, upload-time = "2025-09-08T23:23:23.314Z" },
    { url = "https://files.pythonhosted.org/packages/47/d9/d83e293854571c877a92da46fdec39158f8d7e68da75bf73581225d28e90/cffi-2.0.0-cp314-cp314-manylinux2014_x86_64.manylinux_2_17_x86_64.whl", hash = "sha256:afb8db5439b81cf9c9d0c80404b60c3cc9c3add93e114dcae767f1477cb53775", size = 219244, upload-time = "2025-09-08T23:23:24.541Z" },
    { url = "https://files.pythonhosted.org/packages/2b/0f/1f177e3683aead2bb00f7679a16451d302c436b5cbf2505f0ea8146ef59e/cffi-2.0.0-cp314-cp314-musllinux_1_2_aarch64.whl", hash = "sha256:737fe7d37e1a1bffe70bd5754ea763a62a066dc5913ca57e957824b72a85e205", size = 222828, upload-time = "2025-09-08T23:23:26.143Z" },
    { url = "https://files.pythonhosted.org/packages/c6/0f/cafacebd4b040e3119dcb32fed8bdef8dfe94da653155f9d0b9dc660166e/cffi-2.0.0-cp314-cp314-musllinux_1_2_x86_64.whl", hash = "sha256:38100abb9d1b1435bc4cc340bb4489635dc2f0da7456590877030c9b3d40b0c1", size = 220926, upload-time = "2025-09-08T23:23:27.873Z" },
    { url = "https://files.pythonhosted.org/packages/3e/aa/df335faa45b395396fcbc03de2dfcab242cd61a9900e914fe682a59170b1/cffi-2.0.0-cp314-cp314-win32.whl", hash = "sha256:087067fa8953339c723661eda6b54bc98c5625757ea62e95eb4898ad5e776e9f", size = 175328, upload-time = "2025-09-08T23:23:44.61Z" },
    { url = "https://files.pythonhosted.org/packages/bb/92/882c2d30831744296ce713f0feb4c1cd30f346ef747b530b5318715cc367/cffi-2.0.0-cp314-cp314-win_amd64.whl", hash = "sha256:203a48d1fb583fc7d78a4c6655692963b860a417c0528492a6bc21f1aaefab25", size = 185650, upload-time = "2025-09-08T23:23:45.848Z" },
    { url = "https://files.pythonhosted.org/packages/9f/2c/98ece204b9d35a7366b5b2c6539c350313ca13932143e79dc133ba757104/cffi-2.0.0-cp314-cp314-win_arm64.whl", hash = "sha256:dbd5c7a25a7cb98f5ca55d258b103a2054f859a46ae11aaf23134f9cc0d356ad", size = 180687, upload-time = "2025-09-08T23:23:47.105Z" },
    { url = "https://files.pythonhosted.org/packages/3e/61/c768e4d548bfa607abcda77423448df8c471f25dbe64fb2ef6d555eae006/cffi-2.0.0-cp314-cp314t-macosx_10_13_x86_64.whl", hash = "sha256:9a67fc9e8eb39039280526379fb3a70023d77caec1852002b4da7e8b270c4dd9", size = 188773, upload-time = "2025-09-08T23:23:29.347Z" },
    { url = "https://files.pythonhosted.org/packages/2c/ea/5f76bce7cf6fcd0ab1a1058b5af899bfbef198bea4d5686da88471ea0336/cffi-2.0.0-cp314-cp314t-macosx_11_0_arm64.whl", hash = "sha256:7a66c7204d8869299919db4d5069a82f1561581af12b11b3c9f48c584eb8743d", size = 185013, upload-time = "2025-09-08T23:23:30.63Z" },
    { url = "https://files.pythonhosted.org/packages/be/b4/c56878d0d1755cf9caa54ba71e5d049479c52f9e4afc230f06822162ab2f/cffi-2.0.0-cp314-cp314t-manylinux2014_aarch64.manylinux_2_17_aarch64.whl", hash = "sha256:7cc09976e8b56f8cebd752f7113ad07752461f48a58cbba644139015ac24954c", size = 221593, upload-time = "2025-09-08T23:23:31.91Z" },
    { url = "https://files.pythonhosted.org/packages/e0/0d/eb704606dfe8033e7128df5e90fee946bbcb64a04fcdaa97321309004000/cffi-2.0.0-cp314-cp314t-manylinux2014_ppc64le.manylinux_2_17_ppc64le.whl", hash = "sha256:92b68146a71df78564e4ef48af17551a5ddd142e5190cdf2c5624d0c3ff5b2e8", size = 209354, upload-time = "2025-09-08T23:23:33.214Z" },
    { url = "https://files.pythonhosted.org/packages/d8/19/3c435d727b368ca475fb8742ab97c9cb13a0de600ce86f62eab7fa3eea60/cffi-2.0.0-cp314-cp314t-manylinux2014_s390x.manylinux_2_17_s390x.whl", hash = "sha256:b1e74d11748e7e98e2f426ab176d4ed720a64412b6a15054378afdb71e0f37dc", size = 208480, upload-time = "2025-09-08T23:23:34.495Z" },
    { url = "https://files.pythonhosted.org/packages/d0/44/681604464ed9541673e486521497406fadcc15b5217c3e326b061696899a/cffi-2.0.0-cp314-cp314t-manylinux2014_x86_64.manylinux_2_17_x86_64.whl", hash = "sha256:28a3a209b96630bca57cce802da70c266eb08c6e97e5afd61a75611ee6c64592", size = 221584, upload-time = "2025-09-08T23:23:36.096Z" },
    { url = "https://files.pythonhosted.org/packages/25/8e/342a504ff018a2825d395d44d63a767dd8ebc927ebda557fecdaca3ac33a/cffi-2.0.0-cp314-cp314t-musllinux_1_2_aarch64.whl", hash = "sha256:7553fb2090d71822f02c629afe6042c299edf91ba1bf94951165613553984512", size = 224443, upload-time = "2025-09-08T23:23:37.328Z" },
    { url = "https://files.pythonhosted.org/packages/e1/5e/b666bacbbc60fbf415ba9988324a132c9a7a0448a9a8f125074671c0f2c3/cffi-2.0.0-cp314-cp314t-musllinux_1_2_x86_64.whl", hash = "sha256:6c6c373cfc5c83a975506110d17457138c8c63016b563cc9ed6e056a82f13ce4", size = 223437, upload-time = "2025-09-08T23:23:38.945Z" },
    { url = "https://files.pythonhosted.org/packages/a0/1d/ec1a60bd1a10daa292d3cd6bb0b359a81607154fb8165f3ec95fe003b85c/cffi-2.0.0-cp314-cp314t-win32.whl", hash = "sha256:1fc9ea04857caf665289b7a75923f2c6ed559b8298a1b8c49e59f7dd95c8481e", size = 180487, upload-time = "2025-09-08T23:23:40.423Z" },
    { url = "https://files.pythonhosted.org/packages/bf/41/4c1168c74fac325c0c8156f04b6749c8b6a8f405bbf91413ba088359f60d/cffi-2.0.0-cp314-cp314t-win_amd64.whl", hash = "sha256:d68b6cef7827e8641e8ef16f4494edda8b36104d79773a334beaa1e3521430f6", size = 191726, upload-time = "2025-09-08T23:23:41.742Z" },
    { url = "https://files.pythonhosted.org/packages/ae/3a/dbeec9d1ee0844c679f6bb5d6ad4e9f198b1224f4e7a32825f47f6192b0c/cffi-2.0.0-cp314-cp314t-win_arm64.whl", hash = "sha256:0a1527a803f0a659de1af2e1fd700213caba79377e27e4693648c2923da066f9", size = 184195, upload-time = "2025-09-08T23:23:43.004Z" },
]

[[package]]
name = "click"
version = "8.3.1"
source = { registry = "https://pypi.org/simple" }
dependencies = [
    { name = "colorama", marker = "sys_platform == 'win32'" },
]
sdist = { url = "https://files.pythonhosted.org/packages/3d/fa/656b739db8587d7b5dfa22e22ed02566950fbfbcdc20311993483657a5c0/click-8.3.1.tar.gz", hash = "sha256:12ff4785d337a1bb490bb7e9c2b1ee5da3112e94a8622f26a6c77f5d2fc6842a", size = 295065, upload-time = "2025-11-15T20:45:42.706Z" }
wheels = [
    { url = "https://files.pythonhosted.org/packages/98/78/01c019cdb5d6498122777c1a43056ebb3ebfeef2076d9d026bfe15583b2b/click-8.3.1-py3-none-any.whl", hash = "sha256:981153a64e25f12d547d3426c367a4857371575ee7ad18df2a6183ab0545b2a6", size = 108274, upload-time = "2025-11-15T20:45:41.139Z" },
]

[[package]]
name = "colorama"
version = "0.4.6"
source = { registry = "https://pypi.org/simple" }
sdist = { url = "https://files.pythonhosted.org/packages/d8/53/6f443c9a4a8358a93a6792e2acffb9d9d5cb0a5cfd8802644b7b1c9a02e4/colorama-0.4.6.tar.gz", hash = "sha256:08695f5cb7ed6e0531a20572697297273c47b8cae5a63ffc6d6ed5c201be6e44", size = 27697, upload-time = "2022-10-25T02:36:22.414Z" }
wheels = [
    { url = "https://files.pythonhosted.org/packages/d1/d6/3965ed04c63042e047cb6a3e6ed1a63a35087b6a609aa3a15ed8ac56c221/colorama-0.4.6-py2.py3-none-any.whl", hash = "sha256:4f1d9991f5acc0ca119f9d443620b77f9d6b33703e51011c16baf57afb285fc6", size = 25335, upload-time = "2022-10-25T02:36:20.889Z" },
]

[[package]]
name = "cryptography"
version = "45.0.7"
source = { registry = "https://pypi.org/simple" }
dependencies = [
    { name = "cffi", marker = "platform_python_implementation != 'PyPy'" },
]
sdist = { url = "https://files.pythonhosted.org/packages/a7/35/c495bffc2056f2dadb32434f1feedd79abde2a7f8363e1974afa9c33c7e2/cryptography-45.0.7.tar.gz", hash = "sha256:4b1654dfc64ea479c242508eb8c724044f1e964a47d1d1cacc5132292d851971", size = 744980, upload-time = "2025-09-01T11:15:03.146Z" }
wheels = [
    { url = "https://files.pythonhosted.org/packages/0c/91/925c0ac74362172ae4516000fe877912e33b5983df735ff290c653de4913/cryptography-45.0.7-cp311-abi3-macosx_10_9_universal2.whl", hash = "sha256:3be4f21c6245930688bd9e162829480de027f8bf962ede33d4f8ba7d67a00cee", size = 7041105, upload-time = "2025-09-01T11:13:59.684Z" },
    { url = "https://files.pythonhosted.org/packages/fc/63/43641c5acce3a6105cf8bd5baeceeb1846bb63067d26dae3e5db59f1513a/cryptography-45.0.7-cp311-abi3-manylinux2014_aarch64.manylinux_2_17_aarch64.whl", hash = "sha256:67285f8a611b0ebc0857ced2081e30302909f571a46bfa7a3cc0ad303fe015c6", size = 4205799, upload-time = "2025-09-01T11:14:02.517Z" },
    { url = "https://files.pythonhosted.org/packages/bc/29/c238dd9107f10bfde09a4d1c52fd38828b1aa353ced11f358b5dd2507d24/cryptography-45.0.7-cp311-abi3-manylinux2014_x86_64.manylinux_2_17_x86_64.whl", hash = "sha256:577470e39e60a6cd7780793202e63536026d9b8641de011ed9d8174da9ca5339", size = 4430504, upload-time = "2025-09-01T11:14:04.522Z" },
    { url = "https://files.pythonhosted.org/packages/62/62/24203e7cbcc9bd7c94739428cd30680b18ae6b18377ae66075c8e4771b1b/cryptography-45.0.7-cp311-abi3-manylinux_2_28_aarch64.whl", hash = "sha256:4bd3e5c4b9682bc112d634f2c6ccc6736ed3635fc3319ac2bb11d768cc5a00d8", size = 4209542, upload-time = "2025-09-01T11:14:06.309Z" },
    { url = "https://files.pythonhosted.org/packages/cd/e3/e7de4771a08620eef2389b86cd87a2c50326827dea5528feb70595439ce4/cryptography-45.0.7-cp311-abi3-manylinux_2_28_armv7l.manylinux_2_31_armv7l.whl", hash = "sha256:465ccac9d70115cd4de7186e60cfe989de73f7bb23e8a7aa45af18f7412e75bf", size = 3889244, upload-time = "2025-09-01T11:14:08.152Z" },
    { url = "https://files.pythonhosted.org/packages/96/b8/bca71059e79a0bb2f8e4ec61d9c205fbe97876318566cde3b5092529faa9/cryptography-45.0.7-cp311-abi3-manylinux_2_28_x86_64.whl", hash = "sha256:16ede8a4f7929b4b7ff3642eba2bf79aa1d71f24ab6ee443935c0d269b6bc513", size = 4461975, upload-time = "2025-09-01T11:14:09.755Z" },
    { url = "https://files.pythonhosted.org/packages/58/67/3f5b26937fe1218c40e95ef4ff8d23c8dc05aa950d54200cc7ea5fb58d28/cryptography-45.0.7-cp311-abi3-manylinux_2_34_aarch64.whl", hash = "sha256:8978132287a9d3ad6b54fcd1e08548033cc09dc6aacacb6c004c73c3eb5d3ac3", size = 4209082, upload-time = "2025-09-01T11:14:11.229Z" },
    { url = "https://files.pythonhosted.org/packages/0e/e4/b3e68a4ac363406a56cf7b741eeb80d05284d8c60ee1a55cdc7587e2a553/cryptography-45.0.7-cp311-abi3-manylinux_2_34_x86_64.whl", hash = "sha256:b6a0e535baec27b528cb07a119f321ac024592388c5681a5ced167ae98e9fff3", size = 4460397, upload-time = "2025-09-01T11:14:12.924Z" },
    { url = "https://files.pythonhosted.org/packages/22/49/2c93f3cd4e3efc8cb22b02678c1fad691cff9dd71bb889e030d100acbfe0/cryptography-45.0.7-cp311-abi3-musllinux_1_2_aarch64.whl", hash = "sha256:a24ee598d10befaec178efdff6054bc4d7e883f615bfbcd08126a0f4931c83a6", size = 4337244, upload-time = "2025-09-01T11:14:14.431Z" },
    { url = "https://files.pythonhosted.org/packages/04/19/030f400de0bccccc09aa262706d90f2ec23d56bc4eb4f4e8268d0ddf3fb8/cryptography-45.0.7-cp311-abi3-musllinux_1_2_x86_64.whl", hash = "sha256:fa26fa54c0a9384c27fcdc905a2fb7d60ac6e47d14bc2692145f2b3b1e2cfdbd", size = 4568862, upload-time = "2025-09-01T11:14:16.185Z" },
    { url = "https://files.pythonhosted.org/packages/29/56/3034a3a353efa65116fa20eb3c990a8c9f0d3db4085429040a7eef9ada5f/cryptography-45.0.7-cp311-abi3-win32.whl", hash = "sha256:bef32a5e327bd8e5af915d3416ffefdbe65ed975b646b3805be81b23580b57b8", size = 2936578, upload-time = "2025-09-01T11:14:17.638Z" },
    { url = "https://files.pythonhosted.org/packages/b3/61/0ab90f421c6194705a99d0fa9f6ee2045d916e4455fdbb095a9c2c9a520f/cryptography-45.0.7-cp311-abi3-win_amd64.whl", hash = "sha256:3808e6b2e5f0b46d981c24d79648e5c25c35e59902ea4391a0dcb3e667bf7443", size = 3405400, upload-time = "2025-09-01T11:14:18.958Z" },
    { url = "https://files.pythonhosted.org/packages/63/e8/c436233ddf19c5f15b25ace33979a9dd2e7aa1a59209a0ee8554179f1cc0/cryptography-45.0.7-cp37-abi3-macosx_10_9_universal2.whl", hash = "sha256:bfb4c801f65dd61cedfc61a83732327fafbac55a47282e6f26f073ca7a41c3b2", size = 7021824, upload-time = "2025-09-01T11:14:20.954Z" },
    { url = "https://files.pythonhosted.org/packages/bc/4c/8f57f2500d0ccd2675c5d0cc462095adf3faa8c52294ba085c036befb901/cryptography-45.0.7-cp37-abi3-manylinux2014_aarch64.manylinux_2_17_aarch64.whl", hash = "sha256:81823935e2f8d476707e85a78a405953a03ef7b7b4f55f93f7c2d9680e5e0691", size = 4202233, upload-time = "2025-09-01T11:14:22.454Z" },
    { url = "https://files.pythonhosted.org/packages/eb/ac/59b7790b4ccaed739fc44775ce4645c9b8ce54cbec53edf16c74fd80cb2b/cryptography-45.0.7-cp37-abi3-manylinux2014_x86_64.manylinux_2_17_x86_64.whl", hash = "sha256:3994c809c17fc570c2af12c9b840d7cea85a9fd3e5c0e0491f4fa3c029216d59", size = 4423075, upload-time = "2025-09-01T11:14:24.287Z" },
    { url = "https://files.pythonhosted.org/packages/b8/56/d4f07ea21434bf891faa088a6ac15d6d98093a66e75e30ad08e88aa2b9ba/cryptography-45.0.7-cp37-abi3-manylinux_2_28_aarch64.whl", hash = "sha256:dad43797959a74103cb59c5dac71409f9c27d34c8a05921341fb64ea8ccb1dd4", size = 4204517, upload-time = "2025-09-01T11:14:25.679Z" },
    { url = "https://files.pythonhosted.org/packages/e8/ac/924a723299848b4c741c1059752c7cfe09473b6fd77d2920398fc26bfb53/cryptography-45.0.7-cp37-abi3-manylinux_2_28_armv7l.manylinux_2_31_armv7l.whl", hash = "sha256:ce7a453385e4c4693985b4a4a3533e041558851eae061a58a5405363b098fcd3", size = 3882893, upload-time = "2025-09-01T11:14:27.1Z" },
    { url = "https://files.pythonhosted.org/packages/83/dc/4dab2ff0a871cc2d81d3ae6d780991c0192b259c35e4d83fe1de18b20c70/cryptography-45.0.7-cp37-abi3-manylinux_2_28_x86_64.whl", hash = "sha256:b04f85ac3a90c227b6e5890acb0edbaf3140938dbecf07bff618bf3638578cf1", size = 4450132, upload-time = "2025-09-01T11:14:28.58Z" },
    { url = "https://files.pythonhosted.org/packages/12/dd/b2882b65db8fc944585d7fb00d67cf84a9cef4e77d9ba8f69082e911d0de/cryptography-45.0.7-cp37-abi3-manylinux_2_34_aarch64.whl", hash = "sha256:48c41a44ef8b8c2e80ca4527ee81daa4c527df3ecbc9423c41a420a9559d0e27", size = 4204086, upload-time = "2025-09-01T11:14:30.572Z" },
    { url = "https://files.pythonhosted.org/packages/5d/fa/1d5745d878048699b8eb87c984d4ccc5da4f5008dfd3ad7a94040caca23a/cryptography-45.0.7-cp37-abi3-manylinux_2_34_x86_64.whl", hash = "sha256:f3df7b3d0f91b88b2106031fd995802a2e9ae13e02c36c1fc075b43f420f3a17", size = 4449383, upload-time = "2025-09-01T11:14:32.046Z" },
    { url = "https://files.pythonhosted.org/packages/36/8b/fc61f87931bc030598e1876c45b936867bb72777eac693e905ab89832670/cryptography-45.0.7-cp37-abi3-musllinux_1_2_aarch64.whl", hash = "sha256:dd342f085542f6eb894ca00ef70236ea46070c8a13824c6bde0dfdcd36065b9b", size = 4332186, upload-time = "2025-09-01T11:14:33.95Z" },
    { url = "https://files.pythonhosted.org/packages/0b/11/09700ddad7443ccb11d674efdbe9a832b4455dc1f16566d9bd3834922ce5/cryptography-45.0.7-cp37-abi3-musllinux_1_2_x86_64.whl", hash = "sha256:1993a1bb7e4eccfb922b6cd414f072e08ff5816702a0bdb8941c247a6b1b287c", size = 4561639, upload-time = "2025-09-01T11:14:35.343Z" },
    { url = "https://files.pythonhosted.org/packages/71/ed/8f4c1337e9d3b94d8e50ae0b08ad0304a5709d483bfcadfcc77a23dbcb52/cryptography-45.0.7-cp37-abi3-win32.whl", hash = "sha256:18fcf70f243fe07252dcb1b268a687f2358025ce32f9f88028ca5c364b123ef5", size = 2926552, upload-time = "2025-09-01T11:14:36.929Z" },
    { url = "https://files.pythonhosted.org/packages/bc/ff/026513ecad58dacd45d1d24ebe52b852165a26e287177de1d545325c0c25/cryptography-45.0.7-cp37-abi3-win_amd64.whl", hash = "sha256:7285a89df4900ed3bfaad5679b1e668cb4b38a8de1ccbfc84b05f34512da0a90", size = 3392742, upload-time = "2025-09-01T11:14:38.368Z" },
]

[[package]]
name = "dafnyruntimepython"
version = "4.9.0"
source = { registry = "https://pypi.org/simple" }
sdist = { url = "https://files.pythonhosted.org/packages/b2/cd/8ecd86fdde201bc1625a60760167faf655b72bd58da34aec785637f9655a/dafnyruntimepython-4.9.0.tar.gz", hash = "sha256:03a4c2dbbe45c13dc2c7dbefad01812367b3bb217a14b4b848d7e94ef5c08cee", size = 5433, upload-time = "2024-10-31T17:43:31.717Z" }
wheels = [
    { url = "https://files.pythonhosted.org/packages/a6/40/a83edd6a0b0f1efd2bb94d3820b32e3dc4a8c3e08aaf9c6761098a4c6972/DafnyRuntimePython-4.9.0-py3-none-any.whl", hash = "sha256:c9cdcf127f5b6a4c6c9cf69016b9486318c3a6600e7f03fcbc621f6a5398479c", size = 5782, upload-time = "2024-10-31T17:43:30.824Z" },
]

[[package]]
name = "encrypt-files"
version = "0.1.0"
source = { virtual = "." }
dependencies = [
    { name = "aws-encryption-sdk", extra = ["mpl"] },
    { name = "boto3", extra = ["crt"] },
    { name = "click" },
    { name = "python-dotenv" },
]

[package.metadata]
requires-dist = [
    { name = "aws-encryption-sdk", extras = ["mpl"], specifier = ">=4.0.3" },
    { name = "boto3", extras = ["crt"], specifier = ">=1.42.44" },
    { name = "click", specifier = ">=8.3.1" },
    { name = "python-dotenv", specifier = ">=1.2.1" },
]

[[package]]
name = "jmespath"
version = "1.1.0"
source = { registry = "https://pypi.org/simple" }
sdist = { url = "https://files.pythonhosted.org/packages/d3/59/322338183ecda247fb5d1763a6cbe46eff7222eaeebafd9fa65d4bf5cb11/jmespath-1.1.0.tar.gz", hash = "sha256:472c87d80f36026ae83c6ddd0f1d05d4e510134ed462851fd5f754c8c3cbb88d", size = 27377, upload-time = "2026-01-22T16:35:26.279Z" }
wheels = [
    { url = "https://files.pythonhosted.org/packages/14/2f/967ba146e6d58cf6a652da73885f52fc68001525b4197effc174321d70b4/jmespath-1.1.0-py3-none-any.whl", hash = "sha256:a5663118de4908c91729bea0acadca56526eb2698e83de10cd116ae0f4e97c64", size = 20419, upload-time = "2026-01-22T16:35:24.919Z" },
]

[[package]]
name = "pycparser"
version = "3.0"
source = { registry = "https://pypi.org/simple" }
sdist = { url = "https://files.pythonhosted.org/packages/1b/7d/92392ff7815c21062bea51aa7b87d45576f649f16458d78b7cf94b9ab2e6/pycparser-3.0.tar.gz", hash = "sha256:600f49d217304a5902ac3c37e1281c9fe94e4d0489de643a9504c5cdfdfc6b29", size = 103492, upload-time = "2026-01-21T14:26:51.89Z" }
wheels = [
    { url = "https://files.pythonhosted.org/packages/0c/c3/44f3fbbfa403ea2a7c779186dc20772604442dde72947e7d01069cbe98e3/pycparser-3.0-py3-none-any.whl", hash = "sha256:b727414169a36b7d524c1c3e31839a521725078d7b2ff038656844266160a992", size = 48172, upload-time = "2026-01-21T14:26:50.693Z" },
]

[[package]]
name = "python-dateutil"
version = "2.9.0.post0"
source = { registry = "https://pypi.org/simple" }
dependencies = [
    { name = "six" },
]
sdist = { url = "https://files.pythonhosted.org/packages/66/c0/0c8b6ad9f17a802ee498c46e004a0eb49bc148f2fd230864601a86dcf6db/python-dateutil-2.9.0.post0.tar.gz", hash = "sha256:37dd54208da7e1cd875388217d5e00ebd4179249f90fb72437e91a35459a0ad3", size = 342432, upload-time = "2024-03-01T18:36:20.211Z" }
wheels = [
    { url = "https://files.pythonhosted.org/packages/ec/57/56b9bcc3c9c6a792fcbaf139543cee77261f3651ca9da0c93f5c1221264b/python_dateutil-2.9.0.post0-py2.py3-none-any.whl", hash = "sha256:a8b2bc7bffae282281c8140a97d3aa9c14da0b136dfe83f850eea9a5f7470427", size = 229892, upload-time = "2024-03-01T18:36:18.57Z" },
]

[[package]]
name = "python-dotenv"
version = "1.2.1"
source = { registry = "https://pypi.org/simple" }
sdist = { url = "https://files.pythonhosted.org/packages/f0/26/19cadc79a718c5edbec86fd4919a6b6d3f681039a2f6d66d14be94e75fb9/python_dotenv-1.2.1.tar.gz", hash = "sha256:42667e897e16ab0d66954af0e60a9caa94f0fd4ecf3aaf6d2d260eec1aa36ad6", size = 44221, upload-time = "2025-10-26T15:12:10.434Z" }
wheels = [
    { url = "https://files.pythonhosted.org/packages/14/1b/a298b06749107c305e1fe0f814c6c74aea7b2f1e10989cb30f544a1b3253/python_dotenv-1.2.1-py3-none-any.whl", hash = "sha256:b81ee9561e9ca4004139c6cbba3a238c32b03e4894671e181b671e8cb8425d61", size = 21230, upload-time = "2025-10-26T15:12:09.109Z" },
]

[[package]]
name = "pytz"
version = "2025.2"
source = { registry = "https://pypi.org/simple" }
sdist = { url = "https://files.pythonhosted.org/packages/f8/bf/abbd3cdfb8fbc7fb3d4d38d320f2441b1e7cbe29be4f23797b4a2b5d8aac/pytz-2025.2.tar.gz", hash = "sha256:360b9e3dbb49a209c21ad61809c7fb453643e048b38924c765813546746e81c3", size = 320884, upload-time = "2025-03-25T02:25:00.538Z" }
wheels = [
    { url = "https://files.pythonhosted.org/packages/81/c4/34e93fe5f5429d7570ec1fa436f1986fb1f00c3e0f43a589fe2bbcd22c3f/pytz-2025.2-py2.py3-none-any.whl", hash = "sha256:5ddf76296dd8c44c26eb8f4b6f35488f3ccbf6fbbd7adee0b7262d43f0ec2f00", size = 509225, upload-time = "2025-03-25T02:24:58.468Z" },
]

[[package]]
name = "s3transfer"
version = "0.16.0"
source = { registry = "https://pypi.org/simple" }
dependencies = [
    { name = "botocore" },
]
sdist = { url = "https://files.pythonhosted.org/packages/05/04/74127fc843314818edfa81b5540e26dd537353b123a4edc563109d8f17dd/s3transfer-0.16.0.tar.gz", hash = "sha256:8e990f13268025792229cd52fa10cb7163744bf56e719e0b9cb925ab79abf920", size = 153827, upload-time = "2025-12-01T02:30:59.114Z" }
wheels = [
    { url = "https://files.pythonhosted.org/packages/fc/51/727abb13f44c1fcf6d145979e1535a35794db0f6e450a0cb46aa24732fe2/s3transfer-0.16.0-py3-none-any.whl", hash = "sha256:18e25d66fed509e3868dc1572b3f427ff947dd2c56f844a5bf09481ad3f3b2fe", size = 86830, upload-time = "2025-12-01T02:30:57.729Z" },
]

[[package]]
name = "six"
version = "1.17.0"
source = { registry = "https://pypi.org/simple" }
sdist = { url = "https://files.pythonhosted.org/packages/94/e7/b2c673351809dca68a0e064b6af791aa332cf192da575fd474ed7d6f16a2/six-1.17.0.tar.gz", hash = "sha256:ff70335d468e7eb6ec65b95b99d3a2836546063f63acc5171de367e834932a81", size = 34031, upload-time = "2024-12-04T17:35:28.174Z" }
wheels = [
    { url = "https://files.pythonhosted.org/packages/b7/ce/149a00dd41f10bc29e5921b496af8b574d8413afcd5e30dfa0ed46c2cc5e/six-1.17.0-py2.py3-none-any.whl", hash = "sha256:4721f391ed90541fddacab5acf947aa0d3dc7d27b2e1e8eda2be8970586c3274", size = 11050, upload-time = "2024-12-04T17:35:26.475Z" },
]

[[package]]
name = "urllib3"
version = "2.6.3"
source = { registry = "https://pypi.org/simple" }
sdist = { url = "https://files.pythonhosted.org/packages/c7/24/5f1b3bdffd70275f6661c76461e25f024d5a38a46f04aaca912426a2b1d3/urllib3-2.6.3.tar.gz", hash = "sha256:1b62b6884944a57dbe321509ab94fd4d3b307075e0c2eae991ac71ee15ad38ed", size = 435556, upload-time = "2026-01-07T16:24:43.925Z" }
wheels = [
    { url = "https://files.pythonhosted.org/packages/39/08/aaaad47bc4e9dc8c725e68f9d04865dbcb2052843ff09c97b08904852d84/urllib3-2.6.3-py3-none-any.whl", hash = "sha256:bf272323e553dfb2e87d9bfd225ca7b0f467b919d7bbd355436d3fd37cb0acd4", size = 131584, upload-time = "2026-01-07T16:24:42.685Z" },
]

[[package]]
name = "wrapt"
version = "2.1.1"
source = { registry = "https://pypi.org/simple" }
sdist = { url = "https://files.pythonhosted.org/packages/f7/37/ae31f40bec90de2f88d9597d0b5281e23ffe85b893a47ca5d9c05c63a4f6/wrapt-2.1.1.tar.gz", hash = "sha256:5fdcb09bf6db023d88f312bd0767594b414655d58090fc1c46b3414415f67fac", size = 81329, upload-time = "2026-02-03T02:12:13.786Z" }
wheels = [
    { url = "https://files.pythonhosted.org/packages/95/a0/1c2396e272f91efe6b16a6a8bce7ad53856c8f9ae4f34ceaa711d63ec9e1/wrapt-2.1.1-cp314-cp314-macosx_10_15_x86_64.whl", hash = "sha256:9aa1765054245bb01a37f615503290d4e207e3fd59226e78341afb587e9c1236", size = 61311, upload-time = "2026-02-03T02:12:44.41Z" },
    { url = "https://files.pythonhosted.org/packages/b0/9a/d2faba7e61072a7507b5722db63562fdb22f5a24e237d460d18755627f15/wrapt-2.1.1-cp314-cp314-macosx_11_0_arm64.whl", hash = "sha256:feff14b63a6d86c1eee33a57f77573649f2550935981625be7ff3cb7342efe05", size = 61805, upload-time = "2026-02-03T02:11:59.905Z" },
    { url = "https://files.pythonhosted.org/packages/db/56/073989deb4b5d7d6e7ea424476a4ae4bda02140f2dbeaafb14ba4864dd60/wrapt-2.1.1-cp314-cp314-manylinux1_x86_64.manylinux_2_28_x86_64.manylinux_2_5_x86_64.whl", hash = "sha256:81fc5f22d5fcfdbabde96bb3f5379b9f4476d05c6d524d7259dc5dfb501d3281", size = 120308, upload-time = "2026-02-03T02:12:04.46Z" },
    { url = "https://files.pythonhosted.org/packages/d1/b6/84f37261295e38167a29eb82affaf1dc15948dc416925fe2091beee8e4ac/wrapt-2.1.1-cp314-cp314-manylinux2014_aarch64.manylinux_2_17_aarch64.manylinux_2_28_aarch64.whl", hash = "sha256:951b228ecf66def855d22e006ab9a1fc12535111ae7db2ec576c728f8ddb39e8", size = 122688, upload-time = "2026-02-03T02:11:23.148Z" },
    { url = "https://files.pythonhosted.org/packages/ea/80/32db2eec6671f80c65b7ff175be61bc73d7f5223f6910b0c921bbc4bd11c/wrapt-2.1.1-cp314-cp314-musllinux_1_2_aarch64.whl", hash = "sha256:0ddf582a95641b9a8c8bd643e83f34ecbbfe1b68bc3850093605e469ab680ae3", size = 121115, upload-time = "2026-02-03T02:12:39.068Z" },
    { url = "https://files.pythonhosted.org/packages/49/ef/dcd00383df0cd696614127902153bf067971a5aabcd3c9dcb2d8ef354b2a/wrapt-2.1.1-cp314-cp314-musllinux_1_2_x86_64.whl", hash = "sha256:fc5c500966bf48913f795f1984704e6d452ba2414207b15e1f8c339a059d5b16", size = 119484, upload-time = "2026-02-03T02:11:48.419Z" },
    { url = "https://files.pythonhosted.org/packages/76/29/0630280cdd2bd8f86f35cb6854abee1c9d6d1a28a0c6b6417cd15d378325/wrapt-2.1.1-cp314-cp314-win32.whl", hash = "sha256:4aa4baadb1f94b71151b8e44a0c044f6af37396c3b8bcd474b78b49e2130a23b", size = 58514, upload-time = "2026-02-03T02:11:58.616Z" },
    { url = "https://files.pythonhosted.org/packages/db/19/5bed84f9089ed2065f6aeda5dfc4f043743f642bc871454b261c3d7d322b/wrapt-2.1.1-cp314-cp314-win_amd64.whl", hash = "sha256:860e9d3fd81816a9f4e40812f28be4439ab01f260603c749d14be3c0a1170d19", size = 60763, upload-time = "2026-02-03T02:12:24.553Z" },
    { url = "https://files.pythonhosted.org/packages/e4/cb/b967f2f9669e4249b4fe82e630d2a01bc6b9e362b9b12ed91bbe23ae8df4/wrapt-2.1.1-cp314-cp314-win_arm64.whl", hash = "sha256:3c59e103017a2c1ea0ddf589cbefd63f91081d7ce9d491d69ff2512bb1157e23", size = 59051, upload-time = "2026-02-03T02:11:29.602Z" },
    { url = "https://files.pythonhosted.org/packages/eb/19/6fed62be29f97eb8a56aff236c3f960a4b4a86e8379dc7046a8005901a97/wrapt-2.1.1-cp314-cp314t-macosx_10_15_x86_64.whl", hash = "sha256:9fa7c7e1bee9278fc4f5dd8275bc8d25493281a8ec6c61959e37cc46acf02007", size = 63059, upload-time = "2026-02-03T02:12:06.368Z" },
    { url = "https://files.pythonhosted.org/packages/0a/1c/b757fd0adb53d91547ed8fad76ba14a5932d83dde4c994846a2804596378/wrapt-2.1.1-cp314-cp314t-macosx_11_0_arm64.whl", hash = "sha256:39c35e12e8215628984248bd9c8897ce0a474be2a773db207eb93414219d8469", size = 63618, upload-time = "2026-02-03T02:12:23.197Z" },
    { url = "https://files.pythonhosted.org/packages/10/fe/e5ae17b1480957c7988d991b93df9f2425fc51f128cf88144d6a18d0eb12/wrapt-2.1.1-cp314-cp314t-manylinux1_x86_64.manylinux_2_28_x86_64.manylinux_2_5_x86_64.whl", hash = "sha256:94ded4540cac9125eaa8ddf5f651a7ec0da6f5b9f248fe0347b597098f8ec14c", size = 152544, upload-time = "2026-02-03T02:11:43.915Z" },
    { url = "https://files.pythonhosted.org/packages/3e/cc/99aed210c6b547b8a6e4cb9d1425e4466727158a6aeb833aa7997e9e08dd/wrapt-2.1.1-cp314-cp314t-manylinux2014_aarch64.manylinux_2_17_aarch64.manylinux_2_28_aarch64.whl", hash = "sha256:da0af328373f97ed9bdfea24549ac1b944096a5a71b30e41c9b8b53ab3eec04a", size = 158700, upload-time = "2026-02-03T02:12:30.684Z" },
    { url = "https://files.pythonhosted.org/packages/81/0e/d442f745f4957944d5f8ad38bc3a96620bfff3562533b87e486e979f3d99/wrapt-2.1.1-cp314-cp314t-musllinux_1_2_aarch64.whl", hash = "sha256:4ad839b55f0bf235f8e337ce060572d7a06592592f600f3a3029168e838469d3", size = 155561, upload-time = "2026-02-03T02:11:28.164Z" },
    { url = "https://files.pythonhosted.org/packages/51/ac/9891816280e0018c48f8dfd61b136af7b0dcb4a088895db2531acde5631b/wrapt-2.1.1-cp314-cp314t-musllinux_1_2_x86_64.whl", hash = "sha256:0d89c49356e5e2a50fa86b40e0510082abcd0530f926cbd71cf25bee6b9d82d7", size = 150188, upload-time = "2026-02-03T02:11:57.053Z" },
    { url = "https://files.pythonhosted.org/packages/24/98/e2f273b6d70d41f98d0739aa9a269d0b633684a5fb17b9229709375748d4/wrapt-2.1.1-cp314-cp314t-win32.whl", hash = "sha256:f4c7dd22cf7f36aafe772f3d88656559205c3af1b7900adfccb70edeb0d2abc4", size = 60425, upload-time = "2026-02-03T02:11:35.007Z" },
    { url = "https://files.pythonhosted.org/packages/1e/06/b500bfc38a4f82d89f34a13069e748c82c5430d365d9e6b75afb3ab74457/wrapt-2.1.1-cp314-cp314t-win_amd64.whl", hash = "sha256:f76bc12c583ab01e73ba0ea585465a41e48d968f6d1311b4daec4f8654e356e3", size = 63855, upload-time = "2026-02-03T02:12:15.47Z" },
    { url = "https://files.pythonhosted.org/packages/d9/cc/5f6193c32166faee1d2a613f278608e6f3b95b96589d020f0088459c46c9/wrapt-2.1.1-cp314-cp314t-win_arm64.whl", hash = "sha256:7ea74fc0bec172f1ae5f3505b6655c541786a5cabe4bbc0d9723a56ac32eb9b9", size = 60443, upload-time = "2026-02-03T02:11:30.869Z" },
    { url = "https://files.pythonhosted.org/packages/c4/da/5a086bf4c22a41995312db104ec2ffeee2cf6accca9faaee5315c790377d/wrapt-2.1.1-py3-none-any.whl", hash = "sha256:3b0f4629eb954394a3d7c7a1c8cca25f0b07cefe6aa8545e862e9778152de5b7", size = 43886, upload-time = "2026-02-03T02:11:45.048Z" },
]
